<?xml version="1.0" encoding="utf-8"?>
<Project ToolsVersion="4.0" xmlns="http://schemas.microsoft.com/developer/msbuild/2003">
  <ItemGroup>
    <Filter Include="Source Files">
      <UniqueIdentifier>{4FC737F1-C7A5-4376-A066-2A32D752A2FF}</UniqueIdentifier>
      <Extensions>cpp;c;cc;cxx;def;odl;idl;hpj;bat;asm;asmx</Extensions>
    </Filter>
    <Filter Include="Header Files">
      <UniqueIdentifier>{93995380-89BD-4b04-88EB-625FBE52EBFB}</UniqueIdentifier>
      <Extensions>h;hpp;hxx;hm;inl;inc;xsd</Extensions>
    </Filter>
    <Filter Include="Resource Files">
      <UniqueIdentifier>{67DA6AB6-F800-4c08-8B7A-83BB121AAD01}</UniqueIdentifier>
      <Extensions>rc;ico;cur;bmp;dlg;rc2;rct;bin;rgs;gif;jpg;jpeg;jpe;resx;tiff;tif;png;wav;mfcribbon-ms</Extensions>
    </Filter>
  </ItemGroup>
  <ItemGroup>
    <ClInclude Include="..\..\skinning\DegreeOfFreedomType.h">
      <Filter>Header Files</Filter>
    </ClInclude>
    <ClInclude Include="..\..\skinning\draw_directed_line_segment.h">
      <Filter>Header Files</Filter>
    </ClInclude>
    <ClInclude Include="..\..\skinning\draw_mesh.h">
      <Filter>Header Files</Filter>
    </ClInclude>
    <ClInclude Include="..\..\skinning\draw_point.h">
      <Filter>Header Files</Filter>
    </ClInclude>
    <ClInclude Include="..\..\skinning\draw_vbo_mesh.h">
      <Filter>Header Files</Filter>
    </ClInclude>
    <ClInclude Include="..\..\skinning\eigen_glUniformMatrixXfv.h">
      <Filter>Header Files</Filter>
    </ClInclude>
    <ClInclude Include="..\..\skinning\fit_rotations.h">
      <Filter>Header Files</Filter>
    </ClInclude>
    <ClInclude Include="..\..\skinning\gather_bones.h">
      <Filter>Header Files</Filter>
    </ClInclude>
    <ClInclude Include="..\..\skinning\gather_displacements.h">
      <Filter>Header Files</Filter>
    </ClInclude>
    <ClInclude Include="..\..\skinning\gather_fixed.h">
      <Filter>Header Files</Filter>
    </ClInclude>
    <ClInclude Include="..\..\skinning\gather_free.h">
      <Filter>Header Files</Filter>
    </ClInclude>
    <ClInclude Include="..\..\skinning\gather_rest_positions.h">
      <Filter>Header Files</Filter>
    </ClInclude>
    <ClInclude Include="..\..\skinning\gather_transformations.h">
      <Filter>Header Files</Filter>
    </ClInclude>
    <ClInclude Include="..\..\skinning\group_sum_matrix.h">
      <Filter>Header Files</Filter>
    </ClInclude>
    <ClInclude Include="..\..\skinning\inside_point.h">
      <Filter>Header Files</Filter>
    </ClInclude>
    <ClInclude Include="..\..\skinning\intersection.h">
      <Filter>Header Files</Filter>
    </ClInclude>
    <ClInclude Include="..\..\skinning\lbs_matrix.h">
      <Filter>Header Files</Filter>
    </ClInclude>
    <ClInclude Include="..\..\skinning\main.h">
      <Filter>Header Files</Filter>
    </ClInclude>
    <ClInclude Include="..\..\skinning\max_weight_index.h">
      <Filter>Header Files</Filter>
    </ClInclude>
    <ClInclude Include="..\..\skinning\partition.h">
      <Filter>Header Files</Filter>
    </ClInclude>
    <ClInclude Include="..\..\skinning\polar_dec.h">
      <Filter>Header Files</Filter>
    </ClInclude>
    <ClInclude Include="..\..\skinning\polar_svd.h">
      <Filter>Header Files</Filter>
    </ClInclude>
    <ClInclude Include="..\..\skinning\pseudocolors_from_weights.h">
      <Filter>Header Files</Filter>
    </ClInclude>
    <ClInclude Include="..\..\skinning\Quat.h">
      <Filter>Header Files</Filter>
    </ClInclude>
    <ClInclude Include="..\..\skinning\read_BF.h">
      <Filter>Header Files</Filter>
    </ClInclude>
    <ClInclude Include="..\..\skinning\ShaderMode.h">
      <Filter>Header Files</Filter>
    </ClInclude>
    <ClInclude Include="..\..\skinning\Skinning.h">
      <Filter>Header Files</Filter>
    </ClInclude>
    <ClInclude Include="..\..\skinning\skinningAppDelegate.h">
      <Filter>Header Files</Filter>
    </ClInclude>
    <ClInclude Include="..\..\skinning\SkinningCallback.h">
      <Filter>Header Files</Filter>
    </ClInclude>
    <ClInclude Include="..\..\skinning\Tform.h">
      <Filter>Header Files</Filter>
    </ClInclude>
    <ClInclude Include="..\..\skinning\uncolumnize.h">
      <Filter>Header Files</Filter>
    </ClInclude>
    <ClInclude Include="..\..\skinning\Vec.h">
      <Filter>Header Files</Filter>
    </ClInclude>
    <ClInclude Include="..\..\skinning\view_axis.h">
      <Filter>Header Files</Filter>
    </ClInclude>
    <ClInclude Include="..\..\skinning\Widget.h">
      <Filter>Header Files</Filter>
    </ClInclude>
    <ClInclude Include="..\..\skinning\write_BF.h">
      <Filter>Header Files</Filter>
    </ClInclude>
    <ClInclude Include="..\..\skinning\arap_dof.h">
      <Filter>Header Files</Filter>
    </ClInclude>
    <ClInclude Include="..\..\skinning\arap_rhs.h">
      <Filter>Header Files</Filter>
    </ClInclude>
    <ClInclude Include="..\..\skinning\BasicOpenGLView.h">
      <Filter>Header Files</Filter>
    </ClInclude>
    <ClInclude Include="..\..\skinning\Bone.h">
      <Filter>Header Files</Filter>
    </ClInclude>
    <ClInclude Include="..\..\skinning\columnize.h">
      <Filter>Header Files</Filter>
    </ClInclude>
    <ClInclude Include="..\..\skinning\covariance_scatter_matrix.h">
      <Filter>Header Files</Filter>
    </ClInclude>
    <ClInclude Include="..\..\skinning\malloc.h">
      <Filter>Header Files</Filter>
    </ClInclude>
    <ClInclude Include="..\..\skinning\WunderSVD3x3.h">
      <Filter>Header Files</Filter>
    </ClInclude>
    <ClInclude Include="..\..\skinning\Singular_Value_Decomposition_Kernel_Declarations.hpp">
      <Filter>Header Files</Filter>
    </ClInclude>
    <ClInclude Include="..\..\skinning\Singular_Value_Decomposition_Main_Kernel_Body.hpp">
      <Filter>Header Files</Filter>
    </ClInclude>
    <ClInclude Include="..\..\skinning\Singular_Value_Decomposition_Preamble.hpp">
      <Filter>Header Files</Filter>
    </ClInclude>
    <ClInclude Include="..\..\skinning\wunder_polar_svd.h">
      <Filter>Header Files</Filter>
    </ClInclude>
    <ClInclude Include="..\..\skinning\Singular_Value_Decomposition_Givens_QR_Factorization_Kernel.hpp">
      <Filter>Header Files</Filter>
    </ClInclude>
    <ClInclude Include="..\..\skinning\Singular_Value_Decomposition_Jacobi_Conjugation_Kernel.hpp">
      <Filter>Header Files</Filter>
    </ClInclude>
    <ClInclude Include="..\..\skinning\WunderSVD3x3_SSE.h">
      <Filter>Header Files</Filter>
    </ClInclude>
    <ClInclude Include="..\..\skinning\MKLEigenInterface.h">
      <Filter>Header Files</Filter>
    </ClInclude>
    <ClInclude Include="..\..\skinning\WunderSVD3x3_AVX.h">
      <Filter>Header Files</Filter>
    </ClInclude>
    <ClInclude Include="..\..\..\..\..\igl_lib\min_quad_dense.h">
      <Filter>Header Files</Filter>
    </ClInclude>
    <ClInclude Include="..\..\skinning\BoneBoneCopyMap.h">
      <Filter>Header Files</Filter>
    </ClInclude>
    <ClInclude Include="discrete_iso_extra.h">
      <Filter>Header Files</Filter>
    </ClInclude>
    <ClInclude Include="..\..\skinning\discrete_iso_extra.h">
      <Filter>Header Files</Filter>
    </ClInclude>
    <ClInclude Include="..\..\skinning\MT19937.H">
      <Filter>Header Files</Filter>
    </ClInclude>
    <ClInclude Include="..\..\skinning\tga.h">
      <Filter>Header Files</Filter>
    </ClInclude>
    <ClInclude Include="..\..\skinning\CTGALoader.h">
      <Filter>Header Files</Filter>
    </ClInclude>
    <ClInclude Include="..\..\skinning\uniform_sample.h">
      <Filter>Header Files</Filter>
    </ClInclude>
    <ClInclude Include="..\..\skinning\optimize_index_buffer.h">
      <Filter>Header Files</Filter>
    </ClInclude>
  </ItemGroup>
  <ItemGroup>
    <ClCompile Include="..\..\skinning\main.cpp">
      <Filter>Source Files</Filter>
    </ClCompile>
    <ClCompile Include="..\..\skinning\Skinning.cpp">
      <Filter>Source Files</Filter>
    </ClCompile>
    <ClCompile Include="..\..\skinning\SkinningCallback.cpp">
      <Filter>Source Files</Filter>
    </ClCompile>
    <ClCompile Include="..\..\skinning\arap_dof.cpp">
      <Filter>Source Files</Filter>
    </ClCompile>
    <ClCompile Include="..\..\skinning\Bone.cpp">
      <Filter>Source Files</Filter>
    </ClCompile>
    <ClCompile Include="..\..\skinning\newdel.cpp">
      <Filter>Source Files</Filter>
    </ClCompile>
    <ClCompile Include="..\..\skinning\WunderSVD3x3.cpp">
      <Filter>Source Files</Filter>
    </ClCompile>
    <ClCompile Include="..\..\skinning\WunderSVD3x3_SSE.cpp">
      <Filter>Source Files</Filter>
    </ClCompile>
    <ClCompile Include="..\..\skinning\WunderSVD3x3_AVX.cpp">
      <Filter>Source Files</Filter>
    </ClCompile>
    <ClCompile Include="..\..\skinning\BoneBoneCopyMap.cpp">
      <Filter>Source Files</Filter>
    </ClCompile>
    <ClCompile Include="..\..\skinning\MT19937F.cpp">
      <Filter>Header Files</Filter>
    </ClCompile>
    <ClCompile Include="..\..\skinning\malloc.c">
      <Filter>Source Files</Filter>
    </ClCompile>
    <ClCompile Include="..\..\skinning\arap_linear_block.cpp">
      <Filter>Source Files</Filter>
    </ClCompile>
    <ClCompile Include="..\..\skinning\draw_floor.cpp">
      <Filter>Source Files</Filter>
    </ClCompile>
    <ClCompile Include="..\..\skinning\uniform_sample.cpp">
      <Filter>Source Files</Filter>
    </ClCompile>
    <ClCompile Include="..\..\skinning\optimize_index_buffer.cpp">
      <Filter>Source Files</Filter>
    </ClCompile>
  </ItemGroup>
</Project>